
Microsoft Visual Studio Solution File, Format Version 12.00
# Visual Studio Version 17
VisualStudioVersion = 17.13.35931.197 d17.13
MinimumVisualStudioVersion = 10.0.40219.1
Project("{FAE04EC0-301F-11D3-BF4B-00C04F79EFBC}") = "SchoolMedicalServer.Abstractions", "SchoolMedicalServer.Abstractions\SchoolMedicalServer.Abstractions.csproj", "{9A8B4B70-4AEB-4CC9-B653-6A1C94BDAF8F}"
EndProject
Project("{FAE04EC0-301F-11D3-BF4B-00C04F79EFBC}") = "SchoolMedicalServer.Infrastructure", "SchoolMedicalServer.Infrastructure\SchoolMedicalServer.Infrastructure.csproj", "{9CA0D840-1C3A-4945-BF5C-695240D70EF6}"
EndProject
Project("{FAE04EC0-301F-11D3-BF4B-00C04F79EFBC}") = "SchoolMedicalServer.Api", "SchoolMedicalServer.Api\SchoolMedicalServer.Api.csproj", "{43109507-247D-41E9-B244-C512F2330CBE}"
EndProject
Global
	GlobalSection(SolutionConfigurationPlatforms) = preSolution
		Debug|Any CPU = Debug|Any CPU
		Release|Any CPU = Release|Any CPU
	EndGlobalSection
	GlobalSection(ProjectConfigurationPlatforms) = postSolution
		{9A8B4B70-4AEB-4CC9-B653-6A1C94BDAF8F}.Debug|Any CPU.ActiveCfg = Debug|Any CPU
		{9A8B4B70-4AEB-4CC9-B653-6A1C94BDAF8F}.Debug|Any CPU.Build.0 = Debug|Any CPU
		{9A8B4B70-4AEB-4CC9-B653-6A1C94BDAF8F}.Release|Any CPU.ActiveCfg = Release|Any CPU
		{9A8B4B70-4AEB-4CC9-B653-6A1C94BDAF8F}.Release|Any CPU.Build.0 = Release|Any CPU
		{9CA0D840-1C3A-4945-BF5C-695240D70EF6}.Debug|Any CPU.ActiveCfg = Debug|Any CPU
		{9CA0D840-1C3A-4945-BF5C-695240D70EF6}.Debug|Any CPU.Build.0 = Debug|Any CPU
		{9CA0D840-1C3A-4945-BF5C-695240D70EF6}.Release|Any CPU.ActiveCfg = Release|Any CPU
		{9CA0D840-1C3A-4945-BF5C-695240D70EF6}.Release|Any CPU.Build.0 = Release|Any CPU
		{43109507-247D-41E9-B244-C512F2330CBE}.Debug|Any CPU.ActiveCfg = Debug|Any CPU
		{43109507-247D-41E9-B244-C512F2330CBE}.Debug|Any CPU.Build.0 = Debug|Any CPU
		{43109507-247D-41E9-B244-C512F2330CBE}.Release|Any CPU.ActiveCfg = Release|Any CPU
		{43109507-247D-41E9-B244-C512F2330CBE}.Release|Any CPU.Build.0 = Release|Any CPU
	EndGlobalSection
	GlobalSection(SolutionProperties) = preSolution
		HideSolutionNode = FALSE
	EndGlobalSection
	GlobalSection(ExtensibilityGlobals) = postSolution
		SolutionGuid = {BB81BED8-8BCE-42BE-8D3B-A8064D1B0612}
	EndGlobalSection
EndGlobal
